
Microsoft Visual Studio Solution File, Format Version 12.00
# Visual Studio Version 16
VisualStudioVersion = 16.0.30406.217
MinimumVisualStudioVersion = 10.0.40219.1
Project("{9A19103F-16F7-4668-BE54-9A1E7A4F7556}") = "Shoppers.Data", "..\..\..\..\source\repos\GM-DotNetCore-Demos\Shoppers.Data\Shoppers.Data.csproj", "{4CF61E5F-643C-4404-80B8-35D4EE67D519}"
EndProject
Project("{9A19103F-16F7-4668-BE54-9A1E7A4F7556}") = "Shoppers.Api", "..\..\..\..\source\repos\GM-DotNetCore-Demos\Shoppers.Api\Shoppers.Api.csproj", "{7D894821-D33E-457D-A7F5-149F605B7216}"
EndProject
Global
	GlobalSection(SolutionConfigurationPlatforms) = preSolution
		Debug|Any CPU = Debug|Any CPU
		Release|Any CPU = Release|Any CPU
	EndGlobalSection
	GlobalSection(ProjectConfigurationPlatforms) = postSolution
		{4CF61E5F-643C-4404-80B8-35D4EE67D519}.Debug|Any CPU.ActiveCfg = Debug|Any CPU
		{4CF61E5F-643C-4404-80B8-35D4EE67D519}.Debug|Any CPU.Build.0 = Debug|Any CPU
		{4CF61E5F-643C-4404-80B8-35D4EE67D519}.Release|Any CPU.ActiveCfg = Release|Any CPU
		{4CF61E5F-643C-4404-80B8-35D4EE67D519}.Release|Any CPU.Build.0 = Release|Any CPU
		{7D894821-D33E-457D-A7F5-149F605B7216}.Debug|Any CPU.ActiveCfg = Debug|Any CPU
		{7D894821-D33E-457D-A7F5-149F605B7216}.Debug|Any CPU.Build.0 = Debug|Any CPU
		{7D894821-D33E-457D-A7F5-149F605B7216}.Release|Any CPU.ActiveCfg = Release|Any CPU
		{7D894821-D33E-457D-A7F5-149F605B7216}.Release|Any CPU.Build.0 = Release|Any CPU
	EndGlobalSection
	GlobalSection(SolutionProperties) = preSolution
		HideSolutionNode = FALSE
	EndGlobalSection
	GlobalSection(ExtensibilityGlobals) = postSolution
		SolutionGuid = {CCAA6ED7-F5CA-4070-B37E-9AE183C601AA}
	EndGlobalSection
EndGlobal
